
Microsoft Visual Studio Solution File, Format Version 12.00
# Visual Studio Version 16
VisualStudioVersion = 16.0.30503.244
MinimumVisualStudioVersion = 10.0.40219.1
Project("{FAE04EC0-301F-11D3-BF4B-00C04F79EFBC}") = "LanguageFeatures", "LanguageFeatures\LanguageFeatures.csproj", "{909B1446-82FC-4DFD-A5E4-476DEAE15D1E}"
EndProject
Global
	GlobalSection(SolutionConfigurationPlatforms) = preSolution
		Debug|Any CPU = Debug|Any CPU
		Release|Any CPU = Release|Any CPU
	EndGlobalSection
	GlobalSection(ProjectConfigurationPlatforms) = postSolution
		{909B1446-82FC-4DFD-A5E4-476DEAE15D1E}.Debug|Any CPU.ActiveCfg = Debug|Any CPU
		{909B1446-82FC-4DFD-A5E4-476DEAE15D1E}.Debug|Any CPU.Build.0 = Debug|Any CPU
		{909B1446-82FC-4DFD-A5E4-476DEAE15D1E}.Release|Any CPU.ActiveCfg = Release|Any CPU
		{909B1446-82FC-4DFD-A5E4-476DEAE15D1E}.Release|Any CPU.Build.0 = Release|Any CPU
	EndGlobalSection
	GlobalSection(SolutionProperties) = preSolution
		HideSolutionNode = FALSE
	EndGlobalSection
	GlobalSection(ExtensibilityGlobals) = postSolution
		SolutionGuid = {976CB00A-2C31-4086-80BB-5A056DFA70FE}
	EndGlobalSection
EndGlobal
